
Microsoft Visual Studio Solution File, Format Version 12.00
# Visual Studio Version 16
VisualStudioVersion = 16.0.30717.126
MinimumVisualStudioVersion = 10.0.40219.1
Project("{FAE04EC0-301F-11D3-BF4B-00C04F79EFBC}") = "VMidd_PlanChecker", "VMidd_PlanChecker\VMidd_PlanChecker.csproj", "{0BCF047E-AC54-4312-8812-0F32F0A7A4AB}"
EndProject
Global
	GlobalSection(SolutionConfigurationPlatforms) = preSolution
		Debug|x64 = Debug|x64
		Release|x64 = Release|x64
	EndGlobalSection
	GlobalSection(ProjectConfigurationPlatforms) = postSolution
		{0BCF047E-AC54-4312-8812-0F32F0A7A4AB}.Debug|x64.ActiveCfg = Debug|x64
		{0BCF047E-AC54-4312-8812-0F32F0A7A4AB}.Debug|x64.Build.0 = Debug|x64
		{0BCF047E-AC54-4312-8812-0F32F0A7A4AB}.Release|x64.ActiveCfg = Release|x64
		{0BCF047E-AC54-4312-8812-0F32F0A7A4AB}.Release|x64.Build.0 = Release|x64
	EndGlobalSection
	GlobalSection(SolutionProperties) = preSolution
		HideSolutionNode = FALSE
	EndGlobalSection
	GlobalSection(ExtensibilityGlobals) = postSolution
		SolutionGuid = {0DD213A2-E8B6-4A12-AD9C-07C6BEBC9BDD}
	EndGlobalSection
EndGlobal
